
Microsoft Visual Studio Solution File, Format Version 12.00
# Visual Studio 15
VisualStudioVersion = 15.0.27428.2005
MinimumVisualStudioVersion = 10.0.40219.1
Project("{E53339B2-1760-4266-BCC7-CA923CBCF16C}") = "docker-compose", "docker-compose.dcproj", "{2ACF8DA0-F22A-45CA-BDDB-130844D5D895}"
EndProject
Project("{2150E333-8FDC-42A3-9474-1A3956D46DE8}") = "ApiGateways", "ApiGateways", "{964F9328-36C2-40F3-968A-BCAEF5743753}"
EndProject
Project("{2150E333-8FDC-42A3-9474-1A3956D46DE8}") = "Services", "Services", "{FCFD60BF-475F-48F7-951F-BE0BEEC13324}"
EndProject
Project("{9A19103F-16F7-4668-BE54-9A1E7A4F7556}") = "ApiGateway", "ApiGateways\ApiGateway\ApiGateway.csproj", "{161FBD43-2A9E-44C0-BCF3-A61A6C697596}"
EndProject
Project("{2150E333-8FDC-42A3-9474-1A3956D46DE8}") = "apigw", "apigw", "{AE563319-E8BF-4FA7-9BFD-475C4C3A5B62}"
	ProjectSection(SolutionItems) = preProject
		ApiGateways\apigw\configuration.json = ApiGateways\apigw\configuration.json
	EndProjectSection
EndProject
Project("{9A19103F-16F7-4668-BE54-9A1E7A4F7556}") = "ProductService", "Services\ProductService\ProductService.csproj", "{A6B5178C-2A9C-4634-883D-4B4828E903FF}"
EndProject
Project("{9A19103F-16F7-4668-BE54-9A1E7A4F7556}") = "IdentityService", "Services\IdentityService\IdentityService.csproj", "{6865FEBB-DD53-4116-A937-6FA5BD8BE067}"
EndProject
Project("{2150E333-8FDC-42A3-9474-1A3956D46DE8}") = "Clients", "Clients", "{45DB7513-E6BF-49A3-BA1B-C8E3E2CD8C18}"
EndProject
Project("{9A19103F-16F7-4668-BE54-9A1E7A4F7556}") = "WebApp", "Clients\WebApp\WebApp.csproj", "{B4F98016-A20E-48FB-A102-AF0E83295E6A}"
EndProject
Project("{2150E333-8FDC-42A3-9474-1A3956D46DE8}") = "Solution Items", "Solution Items", "{6C41EE9A-6DE2-4549-9E33-54B88106B43C}"
	ProjectSection(SolutionItems) = preProject
		.env = .env
	EndProjectSection
EndProject
Global
	GlobalSection(SolutionConfigurationPlatforms) = preSolution
		Debug|Any CPU = Debug|Any CPU
		Release|Any CPU = Release|Any CPU
	EndGlobalSection
	GlobalSection(ProjectConfigurationPlatforms) = postSolution
		{2ACF8DA0-F22A-45CA-BDDB-130844D5D895}.Debug|Any CPU.ActiveCfg = Debug|Any CPU
		{2ACF8DA0-F22A-45CA-BDDB-130844D5D895}.Debug|Any CPU.Build.0 = Debug|Any CPU
		{2ACF8DA0-F22A-45CA-BDDB-130844D5D895}.Release|Any CPU.ActiveCfg = Release|Any CPU
		{2ACF8DA0-F22A-45CA-BDDB-130844D5D895}.Release|Any CPU.Build.0 = Release|Any CPU
		{161FBD43-2A9E-44C0-BCF3-A61A6C697596}.Debug|Any CPU.ActiveCfg = Debug|Any CPU
		{161FBD43-2A9E-44C0-BCF3-A61A6C697596}.Debug|Any CPU.Build.0 = Debug|Any CPU
		{161FBD43-2A9E-44C0-BCF3-A61A6C697596}.Release|Any CPU.ActiveCfg = Release|Any CPU
		{161FBD43-2A9E-44C0-BCF3-A61A6C697596}.Release|Any CPU.Build.0 = Release|Any CPU
		{A6B5178C-2A9C-4634-883D-4B4828E903FF}.Debug|Any CPU.ActiveCfg = Debug|Any CPU
		{A6B5178C-2A9C-4634-883D-4B4828E903FF}.Debug|Any CPU.Build.0 = Debug|Any CPU
		{A6B5178C-2A9C-4634-883D-4B4828E903FF}.Release|Any CPU.ActiveCfg = Release|Any CPU
		{A6B5178C-2A9C-4634-883D-4B4828E903FF}.Release|Any CPU.Build.0 = Release|Any CPU
		{6865FEBB-DD53-4116-A937-6FA5BD8BE067}.Debug|Any CPU.ActiveCfg = Debug|Any CPU
		{6865FEBB-DD53-4116-A937-6FA5BD8BE067}.Debug|Any CPU.Build.0 = Debug|Any CPU
		{6865FEBB-DD53-4116-A937-6FA5BD8BE067}.Release|Any CPU.ActiveCfg = Release|Any CPU
		{6865FEBB-DD53-4116-A937-6FA5BD8BE067}.Release|Any CPU.Build.0 = Release|Any CPU
		{B4F98016-A20E-48FB-A102-AF0E83295E6A}.Debug|Any CPU.ActiveCfg = Debug|Any CPU
		{B4F98016-A20E-48FB-A102-AF0E83295E6A}.Debug|Any CPU.Build.0 = Debug|Any CPU
		{B4F98016-A20E-48FB-A102-AF0E83295E6A}.Release|Any CPU.ActiveCfg = Release|Any CPU
		{B4F98016-A20E-48FB-A102-AF0E83295E6A}.Release|Any CPU.Build.0 = Release|Any CPU
	EndGlobalSection
	GlobalSection(SolutionProperties) = preSolution
		HideSolutionNode = FALSE
	EndGlobalSection
	GlobalSection(NestedProjects) = preSolution
		{161FBD43-2A9E-44C0-BCF3-A61A6C697596} = {964F9328-36C2-40F3-968A-BCAEF5743753}
		{AE563319-E8BF-4FA7-9BFD-475C4C3A5B62} = {964F9328-36C2-40F3-968A-BCAEF5743753}
		{A6B5178C-2A9C-4634-883D-4B4828E903FF} = {FCFD60BF-475F-48F7-951F-BE0BEEC13324}
		{6865FEBB-DD53-4116-A937-6FA5BD8BE067} = {FCFD60BF-475F-48F7-951F-BE0BEEC13324}
		{B4F98016-A20E-48FB-A102-AF0E83295E6A} = {45DB7513-E6BF-49A3-BA1B-C8E3E2CD8C18}
	EndGlobalSection
	GlobalSection(ExtensibilityGlobals) = postSolution
		SolutionGuid = {E56F6426-E8C9-453E-8798-4C4554B2E740}
	EndGlobalSection
EndGlobal
