
Microsoft Visual Studio Solution File, Format Version 12.00
# Visual Studio 15
VisualStudioVersion = 15.0.27428.2005
MinimumVisualStudioVersion = 10.0.40219.1
Project("{FAE04EC0-301F-11D3-BF4B-00C04F79EFBC}") = "ApiGateway", "ApiGateway\ApiGateway.csproj", "{D9A333A4-ECBB-4770-AFC5-5C17E2F34A73}"
EndProject
Project("{E53339B2-1760-4266-BCC7-CA923CBCF16C}") = "docker-compose", "docker-compose.dcproj", "{2ACF8DA0-F22A-45CA-BDDB-130844D5D895}"
EndProject
Project("{FAE04EC0-301F-11D3-BF4B-00C04F79EFBC}") = "ProductService", "ProductService\ProductService.csproj", "{63C4CB2D-F5A4-4DA2-ACEC-0DC709CC086F}"
EndProject
Global
	GlobalSection(SolutionConfigurationPlatforms) = preSolution
		Debug|Any CPU = Debug|Any CPU
		Release|Any CPU = Release|Any CPU
	EndGlobalSection
	GlobalSection(ProjectConfigurationPlatforms) = postSolution
		{D9A333A4-ECBB-4770-AFC5-5C17E2F34A73}.Debug|Any CPU.ActiveCfg = Debug|Any CPU
		{D9A333A4-ECBB-4770-AFC5-5C17E2F34A73}.Debug|Any CPU.Build.0 = Debug|Any CPU
		{D9A333A4-ECBB-4770-AFC5-5C17E2F34A73}.Release|Any CPU.ActiveCfg = Release|Any CPU
		{D9A333A4-ECBB-4770-AFC5-5C17E2F34A73}.Release|Any CPU.Build.0 = Release|Any CPU
		{2ACF8DA0-F22A-45CA-BDDB-130844D5D895}.Debug|Any CPU.ActiveCfg = Debug|Any CPU
		{2ACF8DA0-F22A-45CA-BDDB-130844D5D895}.Debug|Any CPU.Build.0 = Debug|Any CPU
		{2ACF8DA0-F22A-45CA-BDDB-130844D5D895}.Release|Any CPU.ActiveCfg = Release|Any CPU
		{2ACF8DA0-F22A-45CA-BDDB-130844D5D895}.Release|Any CPU.Build.0 = Release|Any CPU
		{63C4CB2D-F5A4-4DA2-ACEC-0DC709CC086F}.Debug|Any CPU.ActiveCfg = Debug|Any CPU
		{63C4CB2D-F5A4-4DA2-ACEC-0DC709CC086F}.Debug|Any CPU.Build.0 = Debug|Any CPU
		{63C4CB2D-F5A4-4DA2-ACEC-0DC709CC086F}.Release|Any CPU.ActiveCfg = Release|Any CPU
		{63C4CB2D-F5A4-4DA2-ACEC-0DC709CC086F}.Release|Any CPU.Build.0 = Release|Any CPU
	EndGlobalSection
	GlobalSection(SolutionProperties) = preSolution
		HideSolutionNode = FALSE
	EndGlobalSection
	GlobalSection(ExtensibilityGlobals) = postSolution
		SolutionGuid = {E56F6426-E8C9-453E-8798-4C4554B2E740}
	EndGlobalSection
EndGlobal
